
Microsoft Visual Studio Solution File, Format Version 12.00
# Visual Studio 2013
VisualStudioVersion = 12.0.40418.0
MinimumVisualStudioVersion = 10.0.40219.1
Project("{FAE04EC0-301F-11D3-BF4B-00C04F79EFBC}") = "AspNetAdoNetDemo", "AspNetAdoNetDemo\AspNetAdoNetDemo.csproj", "{6B2774E8-AB4D-47BF-8B33-1CAC9E61F96D}"
EndProject
Project("{FAE04EC0-301F-11D3-BF4B-00C04F79EFBC}") = "WinFormAdoNetDemo", "WinFormAdoNetDemo\WinFormAdoNetDemo.csproj", "{08EA1A95-04CC-4EFA-ACB5-627C27D72FE8}"
EndProject
Project("{FAE04EC0-301F-11D3-BF4B-00C04F79EFBC}") = "DataLayer", "DataLayer\DataLayer.csproj", "{314C7700-65D9-4EE5-9CA2-EEE25BCA5DA7}"
EndProject
Global
	GlobalSection(SolutionConfigurationPlatforms) = preSolution
		Debug|Any CPU = Debug|Any CPU
		Release|Any CPU = Release|Any CPU
	EndGlobalSection
	GlobalSection(ProjectConfigurationPlatforms) = postSolution
		{6B2774E8-AB4D-47BF-8B33-1CAC9E61F96D}.Debug|Any CPU.ActiveCfg = Debug|Any CPU
		{6B2774E8-AB4D-47BF-8B33-1CAC9E61F96D}.Debug|Any CPU.Build.0 = Debug|Any CPU
		{6B2774E8-AB4D-47BF-8B33-1CAC9E61F96D}.Release|Any CPU.ActiveCfg = Release|Any CPU
		{6B2774E8-AB4D-47BF-8B33-1CAC9E61F96D}.Release|Any CPU.Build.0 = Release|Any CPU
		{08EA1A95-04CC-4EFA-ACB5-627C27D72FE8}.Debug|Any CPU.ActiveCfg = Debug|Any CPU
		{08EA1A95-04CC-4EFA-ACB5-627C27D72FE8}.Debug|Any CPU.Build.0 = Debug|Any CPU
		{08EA1A95-04CC-4EFA-ACB5-627C27D72FE8}.Release|Any CPU.ActiveCfg = Release|Any CPU
		{08EA1A95-04CC-4EFA-ACB5-627C27D72FE8}.Release|Any CPU.Build.0 = Release|Any CPU
		{314C7700-65D9-4EE5-9CA2-EEE25BCA5DA7}.Debug|Any CPU.ActiveCfg = Debug|Any CPU
		{314C7700-65D9-4EE5-9CA2-EEE25BCA5DA7}.Debug|Any CPU.Build.0 = Debug|Any CPU
		{314C7700-65D9-4EE5-9CA2-EEE25BCA5DA7}.Release|Any CPU.ActiveCfg = Release|Any CPU
		{314C7700-65D9-4EE5-9CA2-EEE25BCA5DA7}.Release|Any CPU.Build.0 = Release|Any CPU
	EndGlobalSection
	GlobalSection(SolutionProperties) = preSolution
		HideSolutionNode = FALSE
	EndGlobalSection
EndGlobal
